PODS:
  - AESCrypt-ObjC (1.0.2)
  - AFNetworking (3.2.1):
    - AFNetworking/NSURLSession (= 3.2.1)
    - AFNetworking/Reachability (= 3.2.1)
    - AFNetworking/Security (= 3.2.1)
    - AFNetworking/Serialization (= 3.2.1)
    - AFNetworking/UIKit (= 3.2.1)
  - AFNetworking/NSURLSession (3.2.1):
    - AFNetworking/Reachability
    - AFNetworking/Security
    - AFNetworking/Serialization
  - AFNetworking/Reachability (3.2.1)
  - AFNetworking/Security (3.2.1)
  - AFNetworking/Serialization (3.2.1)
  - AFNetworking/UIKit (3.2.1):
    - AFNetworking/NSURLSession
  - AMap3DMap-NO-IDFA (6.8.0):
    - AMapFoundation-NO-IDFA (~> 1.5)
  - AMapFoundation-NO-IDFA (1.5.6)
  - AMapLocation-NO-IDFA (2.6.2):
    - AMapFoundation-NO-IDFA (~> 1.4)
  - AMapNavi-NO-IDFA (6.7.0):
    - AMap3DMap-NO-IDFA (~> 6.7)
    - AMapFoundation-NO-IDFA (~> 1.5)
  - AMapSearch-NO-IDFA (6.6.0):
    - AMapFoundation-NO-IDFA (~> 1.4)
  - Aspects (1.4.1)
  - BNCategory (1.9.2.2):
    - AESCrypt-ObjC
    - BNGloble
    - BNKit
    - FLAnimatedImage
    - GTMBase64
    - IQKeyboardManager
    - MBProgressHUD
    - MJExtension
    - SDWebImage
    - Toast
    - YYModel
  - BNCollectionView (1.2.2):
    - BNCategory
  - BNGloble (1.3.9)
  - BNKit (1.3.3):
    - BNGloble
  - BNTableViewCell (1.4.4):
    - BNCategory
    - BNGloble
    - BNKit
    - BNView
    - Masonry
  - BNView (1.4.6.3):
    - BNCategory
    - BNGloble
    - BNKit
    - Masonry
    - PPNumberButton
    - SDCycleScrollView
    - TZImagePickerController
  - BNViewHeight (1.2.7):
    - BNCategory
    - BNCollectionView
    - BNGloble
    - BNKit
    - BNView
    - Masonry
  - FCUUID (1.3.1):
    - UICKeyChainStore (~> 2.1.0)
  - FLAnimatedImage (1.0.12)
  - FMDB (2.7.5):
    - FMDB/standard (= 2.7.5)
  - FMDB/standard (2.7.5)
  - GTMBase64 (1.0.1)
  - iCarousel (1.8.3)
  - IQKeyboardManager (6.2.1)
  - JCore (1.2.6)
  - JPush (3.1.2):
    - JCore (~> 1.2.6)
  - JZLocationConverter (1.0.0)
  - KVOController (1.2.0)
  - Masonry (1.1.0)
  - MBProgressHUD (1.1.0)
  - MJExtension (3.0.16)
  - MJRefresh (3.1.16)
  - mob_sharesdk (4.2.4):
    - mob_sharesdk/ShareSDK (= 4.2.4)
    - MOBFoundation
  - mob_sharesdk/ShareSDK (4.2.4):
    - MOBFoundation
  - mob_sharesdk/ShareSDKExtension (4.2.4):
    - mob_sharesdk/ShareSDK
    - MOBFoundation
  - mob_sharesdk/ShareSDKPlatforms/QQ (4.2.4):
    - mob_sharesdk/ShareSDK
    - MOBFoundation
  - mob_sharesdk/ShareSDKPlatforms/SinaWeibo (4.2.4):
    - mob_sharesdk/ShareSDK
    - MOBFoundation
  - mob_sharesdk/ShareSDKPlatforms/WeChatFull (4.2.4):
    - mob_sharesdk/ShareSDK
    - MOBFoundation
  - mob_sharesdk/ShareSDKUI (4.2.4):
    - mob_sharesdk/ShareSDK
    - MOBFoundation
  - MOBFoundation (3.2.2)
  - PopoverView (0.0.2)
  - PPNumberButton (0.8.0)
  - SDCycleScrollView (1.80):
    - SDWebImage (>= 5.0.0)
  - SDWebImage (5.0.1):
    - SDWebImage/Core (= 5.0.1)
  - SDWebImage/Core (5.0.1)
  - SVProgressHUD (2.2.5)
  - Toast (4.0.0)
  - TZImagePickerController (3.2.0)
  - UICKeyChainStore (2.1.2)
  - UMengAnalytics-NO-IDFA (4.2.5)
  - YBAttributeTextTapAction (3.0.3)
  - YYCache (1.0.4)
  - YYCategories (1.0.4):
    - YYCategories/no-arc (= 1.0.4)
  - YYCategories/no-arc (1.0.4)
  - YYImage (1.0.4):
    - YYImage/Core (= 1.0.4)
  - YYImage/Core (1.0.4)
  - YYModel (1.0.4)
  - YYWebImage (1.0.5):
    - YYCache
    - YYImage
  - YZPullDownMenu (1.0)
  - ZYCornerRadius (1.0.2)

DEPENDENCIES:
  - AESCrypt-ObjC
  - AFNetworking
  - AMapLocation-NO-IDFA
  - AMapNavi-NO-IDFA
  - AMapSearch-NO-IDFA
  - Aspects
  - BNCategory
  - BNCollectionView
  - BNGloble
  - BNKit
  - BNTableViewCell
  - BNView
  - BNViewHeight
  - FCUUID
  - FLAnimatedImage
  - FMDB
  - GTMBase64
  - iCarousel
  - IQKeyboardManager
  - JPush
  - JZLocationConverter
  - KVOController
  - Masonry
  - MBProgressHUD
  - MJExtension
  - MJRefresh
  - mob_sharesdk
  - mob_sharesdk/ShareSDKExtension
  - mob_sharesdk/ShareSDKPlatforms/QQ
  - mob_sharesdk/ShareSDKPlatforms/SinaWeibo
  - mob_sharesdk/ShareSDKPlatforms/WeChatFull
  - mob_sharesdk/ShareSDKUI
  - PopoverView
  - PPNumberButton
  - SDCycleScrollView
  - SDWebImage
  - SVProgressHUD
  - Toast
  - UICKeyChainStore
  - UMengAnalytics-NO-IDFA
  - YBAttributeTextTapAction
  - YYCache
  - YYCategories
  - YYModel
  - YYWebImage
  - YZPullDownMenu
  - ZYCornerRadius

SPEC REPOS:
  https://github.com/cocoapods/specs.git:
    - AESCrypt-ObjC
    - AFNetworking
    - AMap3DMap-NO-IDFA
    - AMapFoundation-NO-IDFA
    - AMapLocation-NO-IDFA
    - AMapNavi-NO-IDFA
    - AMapSearch-NO-IDFA
    - Aspects
    - BNCategory
    - BNCollectionView
    - BNGloble
    - BNKit
    - BNTableViewCell
    - BNView
    - BNViewHeight
    - FCUUID
    - FLAnimatedImage
    - FMDB
    - GTMBase64
    - iCarousel
    - IQKeyboardManager
    - JCore
    - JPush
    - JZLocationConverter
    - KVOController
    - Masonry
    - MBProgressHUD
    - MJExtension
    - MJRefresh
    - mob_sharesdk
    - MOBFoundation
    - PopoverView
    - PPNumberButton
    - SDCycleScrollView
    - SDWebImage
    - SVProgressHUD
    - Toast
    - TZImagePickerController
    - UICKeyChainStore
    - UMengAnalytics-NO-IDFA
    - YBAttributeTextTapAction
    - YYCache
    - YYCategories
    - YYImage
    - YYModel
    - YYWebImage
    - YZPullDownMenu
    - ZYCornerRadius

SPEC CHECKSUMS:
  AESCrypt-ObjC: 6d930ff891a61b90505855e9447959a84be80715
  AFNetworking: b6f891fdfaed196b46c7a83cf209e09697b94057
  AMap3DMap-NO-IDFA: 9f22e8d5058f188f7ec53a3ecb199e7e8a64415b
  AMapFoundation-NO-IDFA: 40d723b352992d0f95abe2976f0c0ecda3c3ffc3
  AMapLocation-NO-IDFA: d7792c8c516f415e186f1bc25946f1a58ca6a583
  AMapNavi-NO-IDFA: ad1bdff5c62864469662c91a4c3d0a2f8b1335eb
  AMapSearch-NO-IDFA: 07651afae010f7acda12beb1f2c0f45d29069e75
  Aspects: 7595ba96a6727a58ebcbfc954497fc5d2fdde546
  BNCategory: 846fc79412bde8da90b6baa6e530035a155346fb
  BNCollectionView: 05a29730ff953b07c67cb0654baf3c6bf29aa6d6
  BNGloble: 49ed76d0bb99d6ff38d9031cad5e3b7ca588296f
  BNKit: 0d8caba583620f33c6f14da13617ed3dc6d3b17f
  BNTableViewCell: 79b091cf83ac9d2e3f2b26864f41ce21e5838b86
  BNView: 90df08a487230987a2f3591dabf9e5e251c7670d
  BNViewHeight: 8ab9854cfc60d7c3cf7a6ce96738f3c625c38032
  FCUUID: bb054fc90cd7cd99320f9f6ff8e130fe607fba05
  FLAnimatedImage: 4a0b56255d9b05f18b6dd7ee06871be5d3b89e31
  FMDB: 2ce00b547f966261cd18927a3ddb07cb6f3db82a
  GTMBase64: f0f91be06a7a20b84c8e4fee30c0430395091d82
  iCarousel: d782f635afac190c49bb8ee455882284cff8b85f
  IQKeyboardManager: 964638372b4a61892cc74fdfa6fd26de8c9464a2
  JCore: cae516dd2bf1a73b578ce6e1065abd49e709e0f7
  JPush: d0cead70ba223a6a3b52749899ebda830dfbc49a
  JZLocationConverter: 3d816bee6484aed9c155a6045a02ce444833e2f0
  KVOController: d72ace34afea42468329623b3379ab3cd1d286b6
  Masonry: 678fab65091a9290e40e2832a55e7ab731aad201
  MBProgressHUD: e7baa36a220447d8aeb12769bf0585582f3866d9
  MJExtension: 54dbbf6ee728f1a88e9aad904353d007831c7847
  MJRefresh: 7798e16e53a5ef7f332dd05b27664db4e29530fd
  mob_sharesdk: 9797e05209dce16507be7797141f523daa033f76
  MOBFoundation: b5ff4038ddb9a0f06b685b86408f905a10aa147c
  PopoverView: 62e83ffda75944d6cf2de9c6593489f3097dc1a3
  PPNumberButton: 4442ff64c21d91733057ca1b3dc05fb4df55f2c0
  SDCycleScrollView: b3c9a5ed840c771c4938978174c7c9d9feefeb96
  SDWebImage: 27dd2c9ea07a2252f94557c9fbb6105ee94b74c9
  SVProgressHUD: 1428aafac632c1f86f62aa4243ec12008d7a51d6
  Toast: 91b396c56ee72a5790816f40d3a94dd357abc196
  TZImagePickerController: 7850b158d025065b162a1a963d445040b828abc9
  UICKeyChainStore: 85db518bb1d294366d15ec9b92a416c4e670518f
  UMengAnalytics-NO-IDFA: 16666e32edce5be44ae5b14aaaa7f3582e09d6ab
  YBAttributeTextTapAction: b7e61f0265b5673e7ce7bad7319e8eff9e209a2b
  YYCache: 8105b6638f5e849296c71f331ff83891a4942952
  YYCategories: 6bcd4314c6661a561410dce4a793379ebd306abd
  YYImage: 1e1b62a9997399593e4b9c4ecfbbabbf1d3f3b54
  YYModel: 2a7fdd96aaa4b86a824e26d0c517de8928c04b30
  YYWebImage: 5f7f36aee2ae293f016d418c7d6ba05c4863e928
  YZPullDownMenu: afc60c3fc4f7caedd9556d32da43ea1718e078e0
  ZYCornerRadius: f0af817be7805b5c63d793042ca7a03f81e14069

PODFILE CHECKSUM: 495190b374a6e44eb2d149a02c84fa091b47c766

COCOAPODS: 1.7.0.beta.3
